
Microsoft Visual Studio Solution File, Format Version 12.00
# Visual Studio Version 17
Project("{8BC9CEB8-8B4A-11D0-8D11-00A0C91BC942}") = "cgtransform", "cgtransform.vcxproj", "{5545A193-7643-44E1-9301-3AEFE6335FC5}"
EndProject
Global
	GlobalSection(SolutionConfigurationPlatforms) = preSolution
		Release|x64 = Release|x64
	EndGlobalSection
	GlobalSection(ProjectConfigurationPlatforms) = postSolution
		{5545A193-7643-44E1-9301-3AEFE6335FC5}.Release|x64.ActiveCfg = Release|x64
		{5545A193-7643-44E1-9301-3AEFE6335FC5}.Release|x64.Build.0 = Release|x64
	EndGlobalSection
	GlobalSection(SolutionProperties) = preSolution
		HideSolutionNode = FALSE
	EndGlobalSection
	GlobalSection(ExtensibilityGlobals) = postSolution
		SolutionGuid = {C23D0F5A-D5A0-48E0-B3CC-DCD39C214659}
	EndGlobalSection
EndGlobal
