﻿﻿﻿﻿
Microsoft Visual Studio Solution File, Format Version 12.00
# Visual Studio Version 17
Project("{8BC9CEB8-8B4A-11D0-8D11-00A0C91BC942}") = "cga4", "cga4.vcxproj", "{6743E280-9F95-F00C-833E-9CD11543BEF3}"
EndProject
Global
	GlobalSection(SolutionConfigurationPlatforms) = preSolution
		Release|x64 = Release|x64
	EndGlobalSection
	GlobalSection(ProjectConfigurationPlatforms) = postSolution
		{6743E280-9F95-F00C-833E-9CD11543BEF3}.Release|x64.ActiveCfg = Release|x64
		{6743E280-9F95-F00C-833E-9CD11543BEF3}.Release|x64.Build.0 = Release|x64
	EndGlobalSection
	GlobalSection(SolutionProperties) = preSolution
		HideSolutionNode = FALSE
	EndGlobalSection
EndGlobal
