
Microsoft Visual Studio Solution File, Format Version 12.00
# Visual Studio Version 17
Project("{8BC9CEB8-8B4A-11D0-8D11-00A0C91BC942}") = "cgblur", "cgblur.vcxproj", "{DB972747-26C3-85A0-5387-BBAD73C93FB8}"
EndProject
Global
	GlobalSection(SolutionConfigurationPlatforms) = preSolution
		Release|x64 = Release|x64
	EndGlobalSection
	GlobalSection(ProjectConfigurationPlatforms) = postSolution
		{DB972747-26C3-85A0-5387-BBAD73C93FB8}.Release|x64.ActiveCfg = Release|x64
		{DB972747-26C3-85A0-5387-BBAD73C93FB8}.Release|x64.Build.0 = Release|x64
	EndGlobalSection
	GlobalSection(SolutionProperties) = preSolution
		HideSolutionNode = FALSE
	EndGlobalSection
EndGlobal
