
Microsoft Visual Studio Solution File, Format Version 12.00
# Visual Studio Version 17
Project("{8BC9CEB8-8B4A-11D0-8D11-00A0C91BC942}") = "cgtrackball", "cgtrackball.vcxproj", "{C86A8F6C-64DD-405A-A177-A6282CA3B782}"
EndProject
Global
	GlobalSection(SolutionConfigurationPlatforms) = preSolution
		Release|x64 = Release|x64
	EndGlobalSection
	GlobalSection(ProjectConfigurationPlatforms) = postSolution
		{C86A8F6C-64DD-405A-A177-A6282CA3B782}.Release|x64.ActiveCfg = Release|x64
		{C86A8F6C-64DD-405A-A177-A6282CA3B782}.Release|x64.Build.0 = Release|x64
	EndGlobalSection
	GlobalSection(SolutionProperties) = preSolution
		HideSolutionNode = FALSE
	EndGlobalSection
	GlobalSection(ExtensibilityGlobals) = postSolution
		SolutionGuid = {B940DF93-BD87-462B-A633-2F7DA94C3A6F}
	EndGlobalSection
EndGlobal
