
Microsoft Visual Studio Solution File, Format Version 12.00
# Visual Studio Version 17
VisualStudioVersion = 17.7.34018.315
MinimumVisualStudioVersion = 10.0.40219.1
Project("{8BC9CEB8-8B4A-11D0-8D11-00A0C91BC942}") = "genTable", "genTable\genTable.vcxproj", "{F1B384CA-D2DB-49A7-A319-CE36C7D5CD7C}"
EndProject
Project("{8BC9CEB8-8B4A-11D0-8D11-00A0C91BC942}") = "doCrack", "doCrack\doCrack.vcxproj", "{F80304EC-0D72-4227-9076-6A22F0EFBC94}"
EndProject
Global
	GlobalSection(SolutionConfigurationPlatforms) = preSolution
		Debug|x64 = Debug|x64
		Debug|x86 = Debug|x86
		Release|x64 = Release|x64
		Release|x86 = Release|x86
	EndGlobalSection
	GlobalSection(ProjectConfigurationPlatforms) = postSolution
		{F1B384CA-D2DB-49A7-A319-CE36C7D5CD7C}.Debug|x64.ActiveCfg = Debug|x64
		{F1B384CA-D2DB-49A7-A319-CE36C7D5CD7C}.Debug|x64.Build.0 = Debug|x64
		{F1B384CA-D2DB-49A7-A319-CE36C7D5CD7C}.Debug|x86.ActiveCfg = Debug|Win32
		{F1B384CA-D2DB-49A7-A319-CE36C7D5CD7C}.Debug|x86.Build.0 = Debug|Win32
		{F1B384CA-D2DB-49A7-A319-CE36C7D5CD7C}.Release|x64.ActiveCfg = Release|x64
		{F1B384CA-D2DB-49A7-A319-CE36C7D5CD7C}.Release|x64.Build.0 = Release|x64
		{F1B384CA-D2DB-49A7-A319-CE36C7D5CD7C}.Release|x86.ActiveCfg = Release|Win32
		{F1B384CA-D2DB-49A7-A319-CE36C7D5CD7C}.Release|x86.Build.0 = Release|Win32
		{F80304EC-0D72-4227-9076-6A22F0EFBC94}.Debug|x64.ActiveCfg = Debug|x64
		{F80304EC-0D72-4227-9076-6A22F0EFBC94}.Debug|x64.Build.0 = Debug|x64
		{F80304EC-0D72-4227-9076-6A22F0EFBC94}.Debug|x86.ActiveCfg = Debug|Win32
		{F80304EC-0D72-4227-9076-6A22F0EFBC94}.Debug|x86.Build.0 = Debug|Win32
		{F80304EC-0D72-4227-9076-6A22F0EFBC94}.Release|x64.ActiveCfg = Release|x64
		{F80304EC-0D72-4227-9076-6A22F0EFBC94}.Release|x64.Build.0 = Release|x64
		{F80304EC-0D72-4227-9076-6A22F0EFBC94}.Release|x86.ActiveCfg = Release|Win32
		{F80304EC-0D72-4227-9076-6A22F0EFBC94}.Release|x86.Build.0 = Release|Win32
	EndGlobalSection
	GlobalSection(SolutionProperties) = preSolution
		HideSolutionNode = FALSE
	EndGlobalSection
	GlobalSection(ExtensibilityGlobals) = postSolution
		SolutionGuid = {D1158B9E-570A-419B-9603-018C9774B6E0}
	EndGlobalSection
EndGlobal
